// !$*UTF8*$!
{
	archiveVersion = 1;
	classes = {
	};
	objectVersion = 77;
	objects = {

/* Begin PBXBuildFile section */
		AD821FE82D6F3DA100E86DA5 /* RNetworkKit in Frameworks */ = {isa = PBXBuildFile; productRef = AD821FE72D6F3DA100E86DA5 /* RNetworkKit */; };
/* End PBXBuildFile section */

/* Begin PBXContainerItemProxy section */
		ADAEA0BA2D6EEC0000A12F9F /* PBXContainerItemProxy */ = {
			isa = PBXContainerItemProxy;
			containerPortal = ADAEA09B2D6EEBFE00A12F9F /* Project object */;
			proxyType = 1;
			remoteGlobalIDString = ADAEA0A22D6EEBFE00A12F9F;
			remoteInfo = NetworkLayer;
		};
		ADAEA0C42D6EEC0000A12F9F /* PBXContainerItemProxy */ = {
			isa = PBXContainerItemProxy;
			containerPortal = ADAEA09B2D6EEBFE00A12F9F /* Project object */;
			proxyType = 1;
			remoteGlobalIDString = ADAEA0A22D6EEBFE00A12F9F;
			remoteInfo = NetworkLayer;
		};
/* End PBXContainerItemProxy section */

/* Begin PBXFileReference section */
		AD04A2272D6F1BD300B9ACFB /* NetworkLayer.app */ = {isa = PBXFileReference; explicitFileType = wrapper.application; includeInIndex = 0; path = NetworkLayer.app; sourceTree = BUILT_PRODUCTS_DIR; };
		AD04A2282D6F1BD300B9ACFB /* NetworkLayerTests.xctest */ = {isa = PBXFileReference; explicitFileType = wrapper.cfbundle; includeInIndex = 0; path = NetworkLayerTests.xctest; sourceTree = BUILT_PRODUCTS_DIR; };
		AD04A2292D6F1BD300B9ACFB /* NetworkLayerUITests.xctest */ = {isa = PBXFileReference; explicitFileType = wrapper.cfbundle; includeInIndex = 0; path = NetworkLayerUITests.xctest; sourceTree = BUILT_PRODUCTS_DIR; };
/* End PBXFileReference section */

/* Begin PBXFileSystemSynchronizedBuildFileExceptionSet section */
		ADAEA0CB2D6EEC0000A12F9F /* Exceptions for "NetworkLayer" folder in "NetworkLayer" target */ = {
			isa = PBXFileSystemSynchronizedBuildFileExceptionSet;
			membershipExceptions = (
				Info.plist,
			);
			target = ADAEA0A22D6EEBFE00A12F9F /* NetworkLayer */;
		};
/* End PBXFileSystemSynchronizedBuildFileExceptionSet section */

/* Begin PBXFileSystemSynchronizedRootGroup section */
		ADAEA0A52D6EEBFE00A12F9F /* NetworkLayer */ = {
			isa = PBXFileSystemSynchronizedRootGroup;
			exceptions = (
				ADAEA0CB2D6EEC0000A12F9F /* Exceptions for "NetworkLayer" folder in "NetworkLayer" target */,
			);
			path = NetworkLayer;
			sourceTree = "<group>";
		};
		ADAEA0BC2D6EEC0000A12F9F /* NetworkLayerTests */ = {
			isa = PBXFileSystemSynchronizedRootGroup;
			path = NetworkLayerTests;
			sourceTree = "<group>";
		};
		ADAEA0C62D6EEC0000A12F9F /* NetworkLayerUITests */ = {
			isa = PBXFileSystemSynchronizedRootGroup;
			path = NetworkLayerUITests;
			sourceTree = "<group>";
		};
/* End PBXFileSystemSynchronizedRootGroup section */

/* Begin PBXFrameworksBuildPhase section */
		ADAEA0A02D6EEBFE00A12F9F /* Frameworks */ = {
			isa = PBXFrameworksBuildPhase;
			buildActionMask = 2147483647;
			files = (
				AD821FE82D6F3DA100E86DA5 /* RNetworkKit in Frameworks */,
			);
			runOnlyForDeploymentPostprocessing = 0;
		};
		ADAEA0B62D6EEC0000A12F9F /* Frameworks */ = {
			isa = PBXFrameworksBuildPhase;
			buildActionMask = 2147483647;
			files = (
			);
			runOnlyForDeploymentPostprocessing = 0;
		};
		ADAEA0C02D6EEC0000A12F9F /* Frameworks */ = {
			isa = PBXFrameworksBuildPhase;
			buildActionMask = 2147483647;
			files = (
			);
			runOnlyForDeploymentPostprocessing = 0;
		};
/* End PBXFrameworksBuildPhase section */

/* Begin PBXGroup section */
		ADAEA09A2D6EEBFD00A12F9F = {
			isa = PBXGroup;
			children = (
				ADAEA0A52D6EEBFE00A12F9F /* NetworkLayer */,
				ADAEA0BC2D6EEC0000A12F9F /* NetworkLayerTests */,
				ADAEA0C62D6EEC0000A12F9F /* NetworkLayerUITests */,
				AD04A2272D6F1BD300B9ACFB /* NetworkLayer.app */,
				AD04A2282D6F1BD300B9ACFB /* NetworkLayerTests.xctest */,
				AD04A2292D6F1BD300B9ACFB /* NetworkLayerUITests.xctest */,
			);
			sourceTree = "<group>";
		};
/* End PBXGroup section */

/* Begin PBXNativeTarget section */
		ADAEA0A22D6EEBFE00A12F9F /* NetworkLayer */ = {
			isa = PBXNativeTarget;
			buildConfigurationList = ADAEA0CC2D6EEC0000A12F9F /* Build configuration list for PBXNativeTarget "NetworkLayer" */;
			buildPhases = (
				ADAEA09F2D6EEBFE00A12F9F /* Sources */,
				ADAEA0A02D6EEBFE00A12F9F /* Frameworks */,
				ADAEA0A12D6EEBFE00A12F9F /* Resources */,
			);
			buildRules = (
			);
			dependencies = (
			);
			fileSystemSynchronizedGroups = (
				ADAEA0A52D6EEBFE00A12F9F /* NetworkLayer */,
			);
			name = NetworkLayer;
			packageProductDependencies = (
				AD821FE72D6F3DA100E86DA5 /* RNetworkKit */,
			);
			productName = NetworkLayer;
			productReference = AD04A2272D6F1BD300B9ACFB /* NetworkLayer.app */;
			productType = "com.apple.product-type.application";
		};
		ADAEA0B82D6EEC0000A12F9F /* NetworkLayerTests */ = {
			isa = PBXNativeTarget;
			buildConfigurationList = ADAEA0D12D6EEC0000A12F9F /* Build configuration list for PBXNativeTarget "NetworkLayerTests" */;
			buildPhases = (
				ADAEA0B52D6EEC0000A12F9F /* Sources */,
				ADAEA0B62D6EEC0000A12F9F /* Frameworks */,
				ADAEA0B72D6EEC0000A12F9F /* Resources */,
			);
			buildRules = (
			);
			dependencies = (
				ADAEA0BB2D6EEC0000A12F9F /* PBXTargetDependency */,
			);
			fileSystemSynchronizedGroups = (
				ADAEA0BC2D6EEC0000A12F9F /* NetworkLayerTests */,
			);
			name = NetworkLayerTests;
			packageProductDependencies = (
			);
			productName = NetworkLayerTests;
			productReference = AD04A2282D6F1BD300B9ACFB /* NetworkLayerTests.xctest */;
			productType = "com.apple.product-type.bundle.unit-test";
		};
		ADAEA0C22D6EEC0000A12F9F /* NetworkLayerUITests */ = {
			isa = PBXNativeTarget;
			buildConfigurationList = ADAEA0D42D6EEC0000A12F9F /* Build configuration list for PBXNativeTarget "NetworkLayerUITests" */;
			buildPhases = (
				ADAEA0BF2D6EEC0000A12F9F /* Sources */,
				ADAEA0C02D6EEC0000A12F9F /* Frameworks */,
				ADAEA0C12D6EEC0000A12F9F /* Resources */,
			);
			buildRules = (
			);
			dependencies = (
				ADAEA0C52D6EEC0000A12F9F /* PBXTargetDependency */,
			);
			fileSystemSynchronizedGroups = (
				ADAEA0C62D6EEC0000A12F9F /* NetworkLayerUITests */,
			);
			name = NetworkLayerUITests;
			packageProductDependencies = (
			);
			productName = NetworkLayerUITests;
			productReference = AD04A2292D6F1BD300B9ACFB /* NetworkLayerUITests.xctest */;
			productType = "com.apple.product-type.bundle.ui-testing";
		};
/* End PBXNativeTarget section */

/* Begin PBXProject section */
		ADAEA09B2D6EEBFE00A12F9F /* Project object */ = {
			isa = PBXProject;
			attributes = {
				BuildIndependentTargetsInParallel = 1;
				LastSwiftUpdateCheck = 1620;
				LastUpgradeCheck = 1620;
				TargetAttributes = {
					ADAEA0A22D6EEBFE00A12F9F = {
						CreatedOnToolsVersion = 16.2;
					};
					ADAEA0B82D6EEC0000A12F9F = {
						CreatedOnToolsVersion = 16.2;
						TestTargetID = ADAEA0A22D6EEBFE00A12F9F;
					};
					ADAEA0C22D6EEC0000A12F9F = {
						CreatedOnToolsVersion = 16.2;
						TestTargetID = ADAEA0A22D6EEBFE00A12F9F;
					};
				};
			};
			buildConfigurationList = ADAEA09E2D6EEBFE00A12F9F /* Build configuration list for PBXProject "NetworkLayer" */;
			developmentRegion = en;
			hasScannedForEncodings = 0;
			knownRegions = (
				en,
				Base,
			);
			mainGroup = ADAEA09A2D6EEBFD00A12F9F;
			minimizedProjectReferenceProxies = 1;
			packageReferences = (
				AD821FE62D6F3DA100E86DA5 /* XCRemoteSwiftPackageReference "RNetworkKit" */,
			);
			preferredProjectObjectVersion = 77;
			productRefGroup = ADAEA09A2D6EEBFD00A12F9F;
			projectDirPath = "";
			projectRoot = "";
			targets = (
				ADAEA0A22D6EEBFE00A12F9F /* NetworkLayer */,
				ADAEA0B82D6EEC0000A12F9F /* NetworkLayerTests */,
				ADAEA0C22D6EEC0000A12F9F /* NetworkLayerUITests */,
			);
		};
/* End PBXProject section */

/* Begin PBXResourcesBuildPhase section */
		ADAEA0A12D6EEBFE00A12F9F /* Resources */ = {
			isa = PBXResourcesBuildPhase;
			buildActionMask = 2147483647;
			files = (
			);
			runOnlyForDeploymentPostprocessing = 0;
		};
		ADAEA0B72D6EEC0000A12F9F /* Resources */ = {
			isa = PBXResourcesBuildPhase;
			buildActionMask = 2147483647;
			files = (
			);
			runOnlyForDeploymentPostprocessing = 0;
		};
		ADAEA0C12D6EEC0000A12F9F /* Resources */ = {
			isa = PBXResourcesBuildPhase;
			buildActionMask = 2147483647;
			files = (
			);
			runOnlyForDeploymentPostprocessing = 0;
		};
/* End PBXResourcesBuildPhase section */

/* Begin PBXSourcesBuildPhase section */
		ADAEA09F2D6EEBFE00A12F9F /* Sources */ = {
			isa = PBXSourcesBuildPhase;
			buildActionMask = 2147483647;
			files = (
			);
			runOnlyForDeploymentPostprocessing = 0;
		};
		ADAEA0B52D6EEC0000A12F9F /* Sources */ = {
			isa = PBXSourcesBuildPhase;
			buildActionMask = 2147483647;
			files = (
			);
			runOnlyForDeploymentPostprocessing = 0;
		};
		ADAEA0BF2D6EEC0000A12F9F /* Sources */ = {
			isa = PBXSourcesBuildPhase;
			buildActionMask = 2147483647;
			files = (
			);
			runOnlyForDeploymentPostprocessing = 0;
		};
/* End PBXSourcesBuildPhase section */

/* Begin PBXTargetDependency section */
		ADAEA0BB2D6EEC0000A12F9F /* PBXTargetDependency */ = {
			isa = PBXTargetDependency;
			target = ADAEA0A22D6EEBFE00A12F9F /* NetworkLayer */;
			targetProxy = ADAEA0BA2D6EEC0000A12F9F /* PBXContainerItemProxy */;
		};
		ADAEA0C52D6EEC0000A12F9F /* PBXTargetDependency */ = {
			isa = PBXTargetDependency;
			target = ADAEA0A22D6EEBFE00A12F9F /* NetworkLayer */;
			targetProxy = ADAEA0C42D6EEC0000A12F9F /* PBXContainerItemProxy */;
		};
/* End PBXTargetDependency section */

/* Begin XCBuildConfiguration section */
		ADAEA0CD2D6EEC0000A12F9F /* Debug */ = {
			isa = XCBuildConfiguration;
			buildSettings = {
				ASSETCATALOG_COMPILER_APPICON_NAME = AppIcon;
				ASSETCATALOG_COMPILER_GLOBAL_ACCENT_COLOR_NAME = AccentColor;
				CODE_SIGN_STYLE = Automatic;
				CURRENT_PROJECT_VERSION = 1;
				GENERATE_INFOPLIST_FILE = YES;
				INFOPLIST_FILE = NetworkLayer/Info.plist;
				INFOPLIST_KEY_UIApplicationSupportsIndirectInputEvents = YES;
				INFOPLIST_KEY_UILaunchStoryboardName = LaunchScreen;
				INFOPLIST_KEY_UIMainStoryboardFile = "";
				INFOPLIST_KEY_UISupportedInterfaceOrientations_iPad = "UIInterfaceOrientationPortrait UIInterfaceOrientationPortraitUpsideDown UIInterfaceOrientationLandscapeLeft UIInterfaceOrientationLandscapeRight";
				INFOPLIST_KEY_UISupportedInterfaceOrientations_iPhone = "UIInterfaceOrientationPortrait UIInterfaceOrientationLandscapeLeft UIInterfaceOrientationLandscapeRight";
				LD_RUNPATH_SEARCH_PATHS = (
					"$(inherited)",
					"@executable_path/Frameworks",
				);
				MARKETING_VERSION = 1.0;
				PRODUCT_BUNDLE_IDENTIFIER = self.NetworkLayer;
				PRODUCT_NAME = "$(TARGET_NAME)";
				SWIFT_EMIT_LOC_STRINGS = YES;
				SWIFT_VERSION = 5.0;
				TARGETED_DEVICE_FAMILY = "1,2";
			};
			name = Debug;
		};
		ADAEA0CE2D6EEC0000A12F9F /* Release */ = {
			isa = XCBuildConfiguration;
			buildSettings = {
				ASSETCATALOG_COMPILER_APPICON_NAME = AppIcon;
				ASSETCATALOG_COMPILER_GLOBAL_ACCENT_COLOR_NAME = AccentColor;
				CODE_SIGN_STYLE = Automatic;
				CURRENT_PROJECT_VERSION = 1;
				GENERATE_INFOPLIST_FILE = YES;
				INFOPLIST_FILE = NetworkLayer/Info.plist;
				INFOPLIST_KEY_UIApplicationSupportsIndirectInputEvents = YES;
				INFOPLIST_KEY_UILaunchStoryboardName = LaunchScreen;
				INFOPLIST_KEY_UIMainStoryboardFile = "";
				INFOPLIST_KEY_UISupportedInterfaceOrientations_iPad = "UIInterfaceOrientationPortrait UIInterfaceOrientationPortraitUpsideDown UIInterfaceOrientationLandscapeLeft UIInterfaceOrientationLandscapeRight";
				INFOPLIST_KEY_UISupportedInterfaceOrientations_iPhone = "UIInterfaceOrientationPortrait UIInterfaceOrientationLandscapeLeft UIInterfaceOrientationLandscapeRight";
				LD_RUNPATH_SEARCH_PATHS = (
					"$(inherited)",
					"@executable_path/Frameworks",
				);
				MARKETING_VERSION = 1.0;
				PRODUCT_BUNDLE_IDENTIFIER = self.NetworkLayer;
				PRODUCT_NAME = "$(TARGET_NAME)";
				SWIFT_EMIT_LOC_STRINGS = YES;
				SWIFT_VERSION = 5.0;
				TARGETED_DEVICE_FAMILY = "1,2";
			};
			name = Release;
		};
		ADAEA0CF2D6EEC0000A12F9F /* Debug */ = {
			isa = XCBuildConfiguration;
			buildSettings = {
				ALWAYS_SEARCH_USER_PATHS = NO;
				ASSETCATALOG_COMPILER_GENERATE_SWIFT_ASSET_SYMBOL_EXTENSIONS = YES;
				CLANG_ANALYZER_NONNULL = YES;
				CLANG_ANALYZER_NUMBER_OBJECT_CONVERSION = YES_AGGRESSIVE;
				CLANG_CXX_LANGUAGE_STANDARD = "gnu++20";
				CLANG_ENABLE_MODULES = YES;
				CLANG_ENABLE_OBJC_ARC = YES;
				CLANG_ENABLE_OBJC_WEAK = YES;
				CLANG_WARN_BLOCK_CAPTURE_AUTORELEASING = YES;
				CLANG_WARN_BOOL_CONVERSION = YES;
				CLANG_WARN_COMMA = YES;
				CLANG_WARN_CONSTANT_CONVERSION = YES;
				CLANG_WARN_DEPRECATED_OBJC_IMPLEMENTATIONS = YES;
				CLANG_WARN_DIRECT_OBJC_ISA_USAGE = YES_ERROR;
				CLANG_WARN_DOCUMENTATION_COMMENTS = YES;
				CLANG_WARN_EMPTY_BODY = YES;
				CLANG_WARN_ENUM_CONVERSION = YES;
				CLANG_WARN_INFINITE_RECURSION = YES;
				CLANG_WARN_INT_CONVERSION = YES;
				CLANG_WARN_NON_LITERAL_NULL_CONVERSION = YES;
				CLANG_WARN_OBJC_IMPLICIT_RETAIN_SELF = YES;
				CLANG_WARN_OBJC_LITERAL_CONVERSION = YES;
				CLANG_WARN_OBJC_ROOT_CLASS = YES_ERROR;
				CLANG_WARN_QUOTED_INCLUDE_IN_FRAMEWORK_HEADER = YES;
				CLANG_WARN_RANGE_LOOP_ANALYSIS = YES;
				CLANG_WARN_STRICT_PROTOTYPES = YES;
				CLANG_WARN_SUSPICIOUS_MOVE = YES;
				CLANG_WARN_UNGUARDED_AVAILABILITY = YES_AGGRESSIVE;
				CLANG_WARN_UNREACHABLE_CODE = YES;
				CLANG_WARN__DUPLICATE_METHOD_MATCH = YES;
				COPY_PHASE_STRIP = NO;
				DEBUG_INFORMATION_FORMAT = dwarf;
				ENABLE_STRICT_OBJC_MSGSEND = YES;
				ENABLE_TESTABILITY = YES;
				ENABLE_USER_SCRIPT_SANDBOXING = YES;
				GCC_C_LANGUAGE_STANDARD = gnu17;
				GCC_DYNAMIC_NO_PIC = NO;
				GCC_NO_COMMON_BLOCKS = YES;
				GCC_OPTIMIZATION_LEVEL = 0;
				GCC_PREPROCESSOR_DEFINITIONS = (
					"DEBUG=1",
					"$(inherited)",
				);
				GCC_WARN_64_TO_32_BIT_CONVERSION = YES;
				GCC_WARN_ABOUT_RETURN_TYPE = YES_ERROR;
				GCC_WARN_UNDECLARED_SELECTOR = YES;
				GCC_WARN_UNINITIALIZED_AUTOS = YES_AGGRESSIVE;
				GCC_WARN_UNUSED_FUNCTION = YES;
				GCC_WARN_UNUSED_VARIABLE = YES;
				IPHONEOS_DEPLOYMENT_TARGET = 18.2;
				LOCALIZATION_PREFERS_STRING_CATALOGS = YES;
				MTL_ENABLE_DEBUG_INFO = INCLUDE_SOURCE;
				MTL_FAST_MATH = YES;
				ONLY_ACTIVE_ARCH = YES;
				SDKROOT = iphoneos;
				SWIFT_ACTIVE_COMPILATION_CONDITIONS = "DEBUG $(inherited)";
				SWIFT_OPTIMIZATION_LEVEL = "-Onone";
			};
			name = Debug;
		};
		ADAEA0D02D6EEC0000A12F9F /* Release */ = {
			isa = XCBuildConfiguration;
			buildSettings = {
				ALWAYS_SEARCH_USER_PATHS = NO;
				ASSETCATALOG_COMPILER_GENERATE_SWIFT_ASSET_SYMBOL_EXTENSIONS = YES;
				CLANG_ANALYZER_NONNULL = YES;
				CLANG_ANALYZER_NUMBER_OBJECT_CONVERSION = YES_AGGRESSIVE;
				CLANG_CXX_LANGUAGE_STANDARD = "gnu++20";
				CLANG_ENABLE_MODULES = YES;
				CLANG_ENABLE_OBJC_ARC = YES;
				CLANG_ENABLE_OBJC_WEAK = YES;
				CLANG_WARN_BLOCK_CAPTURE_AUTORELEASING = YES;
				CLANG_WARN_BOOL_CONVERSION = YES;
				CLANG_WARN_COMMA = YES;
				CLANG_WARN_CONSTANT_CONVERSION = YES;
				CLANG_WARN_DEPRECATED_OBJC_IMPLEMENTATIONS = YES;
				CLANG_WARN_DIRECT_OBJC_ISA_USAGE = YES_ERROR;
				CLANG_WARN_DOCUMENTATION_COMMENTS = YES;
				CLANG_WARN_EMPTY_BODY = YES;
				CLANG_WARN_ENUM_CONVERSION = YES;
				CLANG_WARN_INFINITE_RECURSION = YES;
				CLANG_WARN_INT_CONVERSION = YES;
				CLANG_WARN_NON_LITERAL_NULL_CONVERSION = YES;
				CLANG_WARN_OBJC_IMPLICIT_RETAIN_SELF = YES;
				CLANG_WARN_OBJC_LITERAL_CONVERSION = YES;
				CLANG_WARN_OBJC_ROOT_CLASS = YES_ERROR;
				CLANG_WARN_QUOTED_INCLUDE_IN_FRAMEWORK_HEADER = YES;
				CLANG_WARN_RANGE_LOOP_ANALYSIS = YES;
				CLANG_WARN_STRICT_PROTOTYPES = YES;
				CLANG_WARN_SUSPICIOUS_MOVE = YES;
				CLANG_WARN_UNGUARDED_AVAILABILITY = YES_AGGRESSIVE;
				CLANG_WARN_UNREACHABLE_CODE = YES;
				CLANG_WARN__DUPLICATE_METHOD_MATCH = YES;
				COPY_PHASE_STRIP = NO;
				DEBUG_INFORMATION_FORMAT = "dwarf-with-dsym";
				ENABLE_NS_ASSERTIONS = NO;
				ENABLE_STRICT_OBJC_MSGSEND = YES;
				ENABLE_USER_SCRIPT_SANDBOXING = YES;
				GCC_C_LANGUAGE_STANDARD = gnu17;
				GCC_NO_COMMON_BLOCKS = YES;
				GCC_WARN_64_TO_32_BIT_CONVERSION = YES;
				GCC_WARN_ABOUT_RETURN_TYPE = YES_ERROR;
				GCC_WARN_UNDECLARED_SELECTOR = YES;
				GCC_WARN_UNINITIALIZED_AUTOS = YES_AGGRESSIVE;
				GCC_WARN_UNUSED_FUNCTION = YES;
				GCC_WARN_UNUSED_VARIABLE = YES;
				IPHONEOS_DEPLOYMENT_TARGET = 18.2;
				LOCALIZATION_PREFERS_STRING_CATALOGS = YES;
				MTL_ENABLE_DEBUG_INFO = NO;
				MTL_FAST_MATH = YES;
				SDKROOT = iphoneos;
				SWIFT_COMPILATION_MODE = wholemodule;
				VALIDATE_PRODUCT = YES;
			};
			name = Release;
		};
		ADAEA0D22D6EEC0000A12F9F /* Debug */ = {
			isa = XCBuildConfiguration;
			buildSettings = {
				BUNDLE_LOADER = "$(TEST_HOST)";
				CODE_SIGN_STYLE = Automatic;
				CURRENT_PROJECT_VERSION = 1;
				GENERATE_INFOPLIST_FILE = YES;
				IPHONEOS_DEPLOYMENT_TARGET = 18.2;
				MARKETING_VERSION = 1.0;
				PRODUCT_BUNDLE_IDENTIFIER = self.NetworkLayerTests;
				PRODUCT_NAME = "$(TARGET_NAME)";
				SWIFT_EMIT_LOC_STRINGS = NO;
				SWIFT_VERSION = 5.0;
				TARGETED_DEVICE_FAMILY = "1,2";
				TEST_HOST = "$(BUILT_PRODUCTS_DIR)/NetworkLayer.app/$(BUNDLE_EXECUTABLE_FOLDER_PATH)/NetworkLayer";
			};
			name = Debug;
		};
		ADAEA0D32D6EEC0000A12F9F /* Release */ = {
			isa = XCBuildConfiguration;
			buildSettings = {
				BUNDLE_LOADER = "$(TEST_HOST)";
				CODE_SIGN_STYLE = Automatic;
				CURRENT_PROJECT_VERSION = 1;
				GENERATE_INFOPLIST_FILE = YES;
				IPHONEOS_DEPLOYMENT_TARGET = 18.2;
				MARKETING_VERSION = 1.0;
				PRODUCT_BUNDLE_IDENTIFIER = self.NetworkLayerTests;
				PRODUCT_NAME = "$(TARGET_NAME)";
				SWIFT_EMIT_LOC_STRINGS = NO;
				SWIFT_VERSION = 5.0;
				TARGETED_DEVICE_FAMILY = "1,2";
				TEST_HOST = "$(BUILT_PRODUCTS_DIR)/NetworkLayer.app/$(BUNDLE_EXECUTABLE_FOLDER_PATH)/NetworkLayer";
			};
			name = Release;
		};
		ADAEA0D52D6EEC0000A12F9F /* Debug */ = {
			isa = XCBuildConfiguration;
			buildSettings = {
				CODE_SIGN_STYLE = Automatic;
				CURRENT_PROJECT_VERSION = 1;
				GENERATE_INFOPLIST_FILE = YES;
				MARKETING_VERSION = 1.0;
				PRODUCT_BUNDLE_IDENTIFIER = self.NetworkLayerUITests;
				PRODUCT_NAME = "$(TARGET_NAME)";
				SWIFT_EMIT_LOC_STRINGS = NO;
				SWIFT_VERSION = 5.0;
				TARGETED_DEVICE_FAMILY = "1,2";
				TEST_TARGET_NAME = NetworkLayer;
			};
			name = Debug;
		};
		ADAEA0D62D6EEC0000A12F9F /* Release */ = {
			isa = XCBuildConfiguration;
			buildSettings = {
				CODE_SIGN_STYLE = Automatic;
				CURRENT_PROJECT_VERSION = 1;
				GENERATE_INFOPLIST_FILE = YES;
				MARKETING_VERSION = 1.0;
				PRODUCT_BUNDLE_IDENTIFIER = self.NetworkLayerUITests;
				PRODUCT_NAME = "$(TARGET_NAME)";
				SWIFT_EMIT_LOC_STRINGS = NO;
				SWIFT_VERSION = 5.0;
				TARGETED_DEVICE_FAMILY = "1,2";
				TEST_TARGET_NAME = NetworkLayer;
			};
			name = Release;
		};
/* End XCBuildConfiguration section */

/* Begin XCConfigurationList section */
		ADAEA09E2D6EEBFE00A12F9F /* Build configuration list for PBXProject "NetworkLayer" */ = {
			isa = XCConfigurationList;
			buildConfigurations = (
				ADAEA0CF2D6EEC0000A12F9F /* Debug */,
				ADAEA0D02D6EEC0000A12F9F /* Release */,
			);
			defaultConfigurationIsVisible = 0;
			defaultConfigurationName = Release;
		};
		ADAEA0CC2D6EEC0000A12F9F /* Build configuration list for PBXNativeTarget "NetworkLayer" */ = {
			isa = XCConfigurationList;
			buildConfigurations = (
				ADAEA0CD2D6EEC0000A12F9F /* Debug */,
				ADAEA0CE2D6EEC0000A12F9F /* Release */,
			);
			defaultConfigurationIsVisible = 0;
			defaultConfigurationName = Release;
		};
		ADAEA0D12D6EEC0000A12F9F /* Build configuration list for PBXNativeTarget "NetworkLayerTests" */ = {
			isa = XCConfigurationList;
			buildConfigurations = (
				ADAEA0D22D6EEC0000A12F9F /* Debug */,
				ADAEA0D32D6EEC0000A12F9F /* Release */,
			);
			defaultConfigurationIsVisible = 0;
			defaultConfigurationName = Release;
		};
		ADAEA0D42D6EEC0000A12F9F /* Build configuration list for PBXNativeTarget "NetworkLayerUITests" */ = {
			isa = XCConfigurationList;
			buildConfigurations = (
				ADAEA0D52D6EEC0000A12F9F /* Debug */,
				ADAEA0D62D6EEC0000A12F9F /* Release */,
			);
			defaultConfigurationIsVisible = 0;
			defaultConfigurationName = Release;
		};
/* End XCConfigurationList section */

/* Begin XCRemoteSwiftPackageReference section */
		AD821FE62D6F3DA100E86DA5 /* XCRemoteSwiftPackageReference "RNetworkKit" */ = {
			isa = XCRemoteSwiftPackageReference;
			repositoryURL = "https://github.com/rhytthm/RNetworkKit.git";
			requirement = {
				branch = main;
				kind = branch;
			};
		};
/* End XCRemoteSwiftPackageReference section */

/* Begin XCSwiftPackageProductDependency section */
		AD821FE72D6F3DA100E86DA5 /* RNetworkKit */ = {
			isa = XCSwiftPackageProductDependency;
			package = AD821FE62D6F3DA100E86DA5 /* XCRemoteSwiftPackageReference "RNetworkKit" */;
			productName = RNetworkKit;
		};
/* End XCSwiftPackageProductDependency section */
	};
	rootObject = ADAEA09B2D6EEBFE00A12F9F /* Project object */;
}
